
Microsoft Visual Studio Solution File, Format Version 12.00
Project("{FAE04EC0-301F-11D3-BF4B-00C04F79EFBC}") = "dnp_assignment_4", "dnp_assignment_4\dnp_assignment_4.csproj", "{4F0225F9-6E78-4167-A626-DE855929B6EA}"
EndProject
Project("{FAE04EC0-301F-11D3-BF4B-00C04F79EFBC}") = "DoAPI", "DoAPI\DoAPI.csproj", "{8DAD5987-742F-47D1-9A75-40F1B538A3E7}"
EndProject
Global
	GlobalSection(SolutionConfigurationPlatforms) = preSolution
		Debug|Any CPU = Debug|Any CPU
		Release|Any CPU = Release|Any CPU
	EndGlobalSection
	GlobalSection(ProjectConfigurationPlatforms) = postSolution
		{4F0225F9-6E78-4167-A626-DE855929B6EA}.Debug|Any CPU.ActiveCfg = Debug|Any CPU
		{4F0225F9-6E78-4167-A626-DE855929B6EA}.Debug|Any CPU.Build.0 = Debug|Any CPU
		{4F0225F9-6E78-4167-A626-DE855929B6EA}.Release|Any CPU.ActiveCfg = Release|Any CPU
		{4F0225F9-6E78-4167-A626-DE855929B6EA}.Release|Any CPU.Build.0 = Release|Any CPU
		{8DAD5987-742F-47D1-9A75-40F1B538A3E7}.Debug|Any CPU.ActiveCfg = Debug|Any CPU
		{8DAD5987-742F-47D1-9A75-40F1B538A3E7}.Debug|Any CPU.Build.0 = Debug|Any CPU
		{8DAD5987-742F-47D1-9A75-40F1B538A3E7}.Release|Any CPU.ActiveCfg = Release|Any CPU
		{8DAD5987-742F-47D1-9A75-40F1B538A3E7}.Release|Any CPU.Build.0 = Release|Any CPU
	EndGlobalSection
EndGlobal
